{
  "name": "xmlconverter",
  "version": "1.0.0",
  "lockfileVersion": 3,
  "requires": true,
  "packages": {
    "": {
      "name": "xmlconverter",
      "version": "1.0.0",
      "license": "ISC",
      "dependencies": {
        "clarinet": "^0.12.6",
        "dotenv": "^16.5.0",
        "sax": "^1.4.1"
      }
    },
    "node_modules/clarinet": {
      "version": "0.12.6",
      "resolved": "https://registry.npmjs.org/clarinet/-/clarinet-0.12.6.tgz",
      "integrity": "sha512-0FR+TrvLbYHLjhzs9oeIbd3yfZmd4u2DzYQEjUTm2dNfh4Y/9RIRWPjsm3aBtrVEpjKI7+lWa4ouqEXoml84mQ==",
      "license": "BSD-2-Clause",
      "engines": {
        "chrome": ">=16.0.912",
        "firefox": ">=0.8.0",
        "node": ">=0.3.6"
      }
    },
    "node_modules/dotenv": {
      "version": "16.5.0",
      "resolved": "https://registry.npmjs.org/dotenv/-/dotenv-16.5.0.tgz",
      "integrity": "sha512-m/C+AwOAr9/W1UOIZUo232ejMNnJAJtYQjUbHoNTBNTJSvqzzDh7vnrei3o3r3m9blf6ZoDkvcw0VmozNRFJxg==",
      "license": "BSD-2-Clause",
      "engines": {
        "node": ">=12"
      },
      "funding": {
        "url": "https://dotenvx.com"
      }
    },
    "node_modules/sax": {
      "version": "1.4.1",
      "resolved": "https://registry.npmjs.org/sax/-/sax-1.4.1.tgz",
      "integrity": "sha512-+aWOz7yVScEGoKNd4PA10LZ8sk0A/z5+nXQG5giUO5rprX9jgYsTdov9qCchZiPIZezbZH+jRut8nPodFAX4Jg==",
      "license": "ISC"
    }
  }
}
